<?xml version="1.0" encoding="utf-8"?>
<Project ToolsVersion="4.0" xmlns="http://schemas.microsoft.com/developer/msbuild/2003">
  <ItemGroup>
    <Filter Include="Source Files">
      <UniqueIdentifier>{4FC737F1-C7A5-4376-A066-2A32D752A2FF}</UniqueIdentifier>
      <Extensions>cpp;c;cc;cxx;def;odl;idl;hpj;bat;asm;asmx</Extensions>
    </Filter>
    <Filter Include="Header Files">
      <UniqueIdentifier>{93995380-89BD-4b04-88EB-625FBE52EBFB}</UniqueIdentifier>
      <Extensions>h;hpp;hxx;hm;inl;inc;xsd</Extensions>
    </Filter>
    <Filter Include="Resource Files">
      <UniqueIdentifier>{67DA6AB6-F800-4c08-8B7A-83BB121AAD01}</UniqueIdentifier>
      <Extensions>rc;ico;cur;bmp;dlg;rc2;rct;bin;rgs;gif;jpg;jpeg;jpe;resx;tiff;tif;png;wav;mfcribbon-ms</Extensions>
    </Filter>
    <Filter Include="Header Files\race">
      <UniqueIdentifier>{9b2b85cf-d785-4916-89f5-d7f8edb2dc4a}</UniqueIdentifier>
    </Filter>
    <Filter Include="Source Files\race">
      <UniqueIdentifier>{d5dfe669-2afa-49b8-82a0-6ca8266489c4}</UniqueIdentifier>
    </Filter>
    <Filter Include="Source Files\multiplayer">
      <UniqueIdentifier>{3b9f0da2-ecf3-425f-b894-aa91422ea544}</UniqueIdentifier>
    </Filter>
    <Filter Include="Header Files\popup">
      <UniqueIdentifier>{319cf5aa-8220-4981-9e0f-729b94fe3d63}</UniqueIdentifier>
    </Filter>
    <Filter Include="Source Files\popup">
      <UniqueIdentifier>{05c38d85-362d-47aa-b0fc-9f32074b7d2e}</UniqueIdentifier>
    </Filter>
    <Filter Include="Source Files\i18n">
      <UniqueIdentifier>{4f0a99e6-3999-4119-baba-06eba08d0381}</UniqueIdentifier>
    </Filter>
    <Filter Include="Header Files\i18n">
      <UniqueIdentifier>{c197791c-9c41-43c1-a016-2e5899a8317b}</UniqueIdentifier>
    </Filter>
    <Filter Include="Header Files\util">
      <UniqueIdentifier>{46c7b985-1419-4744-b2e6-9dcd3c08789d}</UniqueIdentifier>
    </Filter>
    <Filter Include="Source Files\util">
      <UniqueIdentifier>{6fe8fa32-7524-4db3-b6db-3284b19f5dce}</UniqueIdentifier>
    </Filter>
    <Filter Include="Resource Files\lang">
      <UniqueIdentifier>{de194950-f540-4591-a1a2-4d3cc1d493cd}</UniqueIdentifier>
    </Filter>
    <Filter Include="Source Files\mod">
      <UniqueIdentifier>{52342efa-7240-446b-a512-2ee8d621972e}</UniqueIdentifier>
    </Filter>
    <Filter Include="Header Files\mod">
      <UniqueIdentifier>{d781cd8a-db7f-47b8-b5f6-a26b1065b7b3}</UniqueIdentifier>
    </Filter>
    <Filter Include="Header Files\portability">
      <UniqueIdentifier>{33fd0f68-8de9-4253-b4bb-6946ef586c2b}</UniqueIdentifier>
    </Filter>
    <Filter Include="Source Files\portability">
      <UniqueIdentifier>{fd378526-af3b-4304-a106-b789de6f9af8}</UniqueIdentifier>
    </Filter>
    <Filter Include="Source Files\input">
      <UniqueIdentifier>{ca7749f8-620d-4662-b54f-6f80d67d57d6}</UniqueIdentifier>
    </Filter>
    <Filter Include="Header Files\input">
      <UniqueIdentifier>{b2bda5fb-d2b6-440d-8ae7-f6aa1b1469f5}</UniqueIdentifier>
    </Filter>
    <Filter Include="Header Files\ui">
      <UniqueIdentifier>{8faf9789-5ce8-4272-b375-5452037fefe0}</UniqueIdentifier>
    </Filter>
    <Filter Include="Source Files\ui">
      <UniqueIdentifier>{35f65eb6-6f70-4df1-aec3-0d8357b1e4fe}</UniqueIdentifier>
    </Filter>
    <Filter Include="Source Files\asset">
      <UniqueIdentifier>{1f7d525a-1b96-481f-a32e-090bb1a5cb7c}</UniqueIdentifier>
    </Filter>
    <Filter Include="Header Files\asset">
      <UniqueIdentifier>{044714e6-5c18-437c-b1be-513b646d92ea}</UniqueIdentifier>
    </Filter>
    <Filter Include="Header Files\sfx">
      <UniqueIdentifier>{29b2d3cf-e31a-405d-9329-444ab41a09ca}</UniqueIdentifier>
    </Filter>
    <Filter Include="Source Files\sfx">
      <UniqueIdentifier>{e969cd74-d67f-46cd-9e96-720702dedc80}</UniqueIdentifier>
    </Filter>
    <Filter Include="Source Files\sfx\minifmod">
      <UniqueIdentifier>{f796ebb1-36a4-43d0-a6a9-346b8b00c8cf}</UniqueIdentifier>
    </Filter>
    <Filter Include="Header Files\sfx\minifmod">
      <UniqueIdentifier>{78741661-9755-45b5-be5c-18d45b3a9d0e}</UniqueIdentifier>
    </Filter>
  </ItemGroup>
  <ItemGroup>
    <ClCompile Include="anim.c">
      <Filter>Source Files</Filter>
    </ClCompile>
    <ClCompile Include="cars.c">
      <Filter>Source Files</Filter>
    </ClCompile>
    <ClCompile Include="config.c">
      <Filter>Source Files</Filter>
    </ClCompile>
    <ClCompile Include="dr.c">
      <Filter>Source Files</Filter>
    </ClCompile>
    <ClCompile Include="drivers.c">
      <Filter>Source Files</Filter>
    </ClCompile>
    <ClCompile Include="graphics.c">
      <Filter>Source Files</Filter>
    </ClCompile>
    <ClCompile Include="menus.c">
      <Filter>Source Files</Filter>
    </ClCompile>
    <ClCompile Include="raceParticipant.c">
      <Filter>Source Files</Filter>
    </ClCompile>
    <ClCompile Include="savegame.c">
      <Filter>Source Files</Filter>
    </ClCompile>
    <ClCompile Include="util.c">
      <Filter>Source Files</Filter>
    </ClCompile>
    <ClCompile Include="imageUtil.c">
      <Filter>Source Files</Filter>
    </ClCompile>
    <ClCompile Include="circuit.c">
      <Filter>Source Files</Filter>
    </ClCompile>
    <ClCompile Include="raceResults.c">
      <Filter>Source Files</Filter>
    </ClCompile>
    <ClCompile Include="race\powerup.c">
      <Filter>Source Files\race</Filter>
    </ClCompile>
    <ClCompile Include="race\pedestrian.c">
      <Filter>Source Files\race</Filter>
    </ClCompile>
    <ClCompile Include="race\3dSystem.c">
      <Filter>Source Files\race</Filter>
    </ClCompile>
    <ClCompile Include="popup\popup.c">
      <Filter>Source Files\popup</Filter>
    </ClCompile>
    <ClCompile Include="multiplayer\multiplayer.c">
      <Filter>Source Files\multiplayer</Filter>
    </ClCompile>
    <ClCompile Include="i18n\i18n.c">
      <Filter>Source Files\i18n</Filter>
    </ClCompile>
    <ClCompile Include="util\hash.c">
      <Filter>Source Files\util</Filter>
    </ClCompile>
    <ClCompile Include="mod\mod.c">
      <Filter>Source Files\mod</Filter>
    </ClCompile>
    <ClCompile Include="ui\startGameScreen.c">
      <Filter>Source Files\ui</Filter>
    </ClCompile>
    <ClCompile Include="ui\endGameScreen.c">
      <Filter>Source Files\ui</Filter>
    </ClCompile>
    <ClCompile Include="ui\creditsScreen.c">
      <Filter>Source Files\ui</Filter>
    </ClCompile>
    <ClCompile Include="ui\blackMarketScreen.c">
      <Filter>Source Files\ui</Filter>
    </ClCompile>
    <ClCompile Include="ui\licenseScreen.c">
      <Filter>Source Files\ui</Filter>
    </ClCompile>
    <ClCompile Include="asset\bpaUtil.c">
      <Filter>Source Files\asset</Filter>
    </ClCompile>
    <ClCompile Include="asset\haf.c">
      <Filter>Source Files\asset</Filter>
    </ClCompile>
    <ClCompile Include="ui\hallOfFame.c">
      <Filter>Source Files\ui</Filter>
    </ClCompile>
    <ClCompile Include="sfx\sound.c">
      <Filter>Source Files\sfx</Filter>
    </ClCompile>
    <ClCompile Include="sfx\minifmod\soundSystem.c">
      <Filter>Source Files\sfx\minifmod</Filter>
    </ClCompile>
    <ClCompile Include="ui\prevRaceScreen.c">
      <Filter>Source Files\ui</Filter>
    </ClCompile>
    <ClCompile Include="ui\loadSaveGameScreen.c">
      <Filter>Source Files\ui</Filter>
    </ClCompile>
    <ClCompile Include="ui\selectRaceScreen.c">
      <Filter>Source Files\ui</Filter>
    </ClCompile>
    <ClCompile Include="ui\raceResultsScreen.c">
      <Filter>Source Files\ui</Filter>
    </ClCompile>
    <ClCompile Include="ui\shopScreen.c">
      <Filter>Source Files\ui</Filter>
    </ClCompile>
    <ClCompile Include="ui\menu.c">
      <Filter>Source Files\ui</Filter>
    </ClCompile>
  </ItemGroup>
  <ItemGroup>
    <ClInclude Include="cars.h">
      <Filter>Header Files</Filter>
    </ClInclude>
    <ClInclude Include="circuit.h">
      <Filter>Header Files</Filter>
    </ClInclude>
    <ClInclude Include="config.h">
      <Filter>Header Files</Filter>
    </ClInclude>
    <ClInclude Include="defs.h">
      <Filter>Header Files</Filter>
    </ClInclude>
    <ClInclude Include="doc.h">
      <Filter>Header Files</Filter>
    </ClInclude>
    <ClInclude Include="drivers.h">
      <Filter>Header Files</Filter>
    </ClInclude>
    <ClInclude Include="graphics.h">
      <Filter>Header Files</Filter>
    </ClInclude>
    <ClInclude Include="menus.h">
      <Filter>Header Files</Filter>
    </ClInclude>
    <ClInclude Include="savegame.h">
      <Filter>Header Files</Filter>
    </ClInclude>
    <ClInclude Include="soundEffects.h">
      <Filter>Header Files</Filter>
    </ClInclude>
    <ClInclude Include="util.h">
      <Filter>Header Files</Filter>
    </ClInclude>
    <ClInclude Include="variables.h">
      <Filter>Header Files</Filter>
    </ClInclude>
    <ClInclude Include="imageUtil.h">
      <Filter>Header Files</Filter>
    </ClInclude>
    <ClInclude Include="dr.h">
      <Filter>Header Files</Filter>
    </ClInclude>
    <ClInclude Include="raceParticipant.h">
      <Filter>Header Files</Filter>
    </ClInclude>
    <ClInclude Include="raceResults.h">
      <Filter>Header Files</Filter>
    </ClInclude>
    <ClInclude Include="race\terrain.h">
      <Filter>Header Files\race</Filter>
    </ClInclude>
    <ClInclude Include="race\powerup.h">
      <Filter>Header Files\race</Filter>
    </ClInclude>
    <ClInclude Include="race\pedestrian.h">
      <Filter>Header Files\race</Filter>
    </ClInclude>
    <ClInclude Include="race\anim.h">
      <Filter>Header Files\race</Filter>
    </ClInclude>
    <ClInclude Include="race\3dSystem.h">
      <Filter>Header Files\race</Filter>
    </ClInclude>
    <ClInclude Include="popup\popup.h">
      <Filter>Header Files\popup</Filter>
    </ClInclude>
    <ClInclude Include="i18n\i18n.h">
      <Filter>Header Files\i18n</Filter>
    </ClInclude>
    <ClInclude Include="util\hash.h">
      <Filter>Header Files\util</Filter>
    </ClInclude>
    <ClInclude Include="mod\mod.h">
      <Filter>Header Files\mod</Filter>
    </ClInclude>
    <ClInclude Include="portability\portability.h">
      <Filter>Header Files\portability</Filter>
    </ClInclude>
    <ClInclude Include="input\input.c">
      <Filter>Source Files\input</Filter>
    </ClInclude>
    <ClInclude Include="input\input.h">
      <Filter>Header Files\input</Filter>
    </ClInclude>
    <ClInclude Include="ui\startGameScreen.h">
      <Filter>Header Files\ui</Filter>
    </ClInclude>
    <ClInclude Include="ui\endGameScreen.h">
      <Filter>Header Files\ui</Filter>
    </ClInclude>
    <ClInclude Include="ui\creditsScreen.h">
      <Filter>Header Files\ui</Filter>
    </ClInclude>
    <ClInclude Include="ui\licenseScreen.h">
      <Filter>Header Files\ui</Filter>
    </ClInclude>
    <ClInclude Include="ui\blackMarketScreen.h">
      <Filter>Header Files\ui</Filter>
    </ClInclude>
    <ClInclude Include="asset\bpaUtil.h">
      <Filter>Header Files\asset</Filter>
    </ClInclude>
    <ClInclude Include="asset\haf.h">
      <Filter>Header Files\asset</Filter>
    </ClInclude>
    <ClInclude Include="ui\hallOfFame.h">
      <Filter>Header Files\ui</Filter>
    </ClInclude>
    <ClInclude Include="sfx\sound.h">
      <Filter>Header Files\sfx</Filter>
    </ClInclude>
    <ClInclude Include="sfx\minifmod\fmod.h">
      <Filter>Header Files\sfx\minifmod</Filter>
    </ClInclude>
    <ClInclude Include="sfx\minifmod\soundSystem.h">
      <Filter>Header Files\sfx\minifmod</Filter>
    </ClInclude>
    <ClInclude Include="sfx\minifmod\system_memory.h">
      <Filter>Header Files\sfx\minifmod</Filter>
    </ClInclude>
    <ClInclude Include="sfx\minifmod\xmeffects.h">
      <Filter>Header Files\sfx\minifmod</Filter>
    </ClInclude>
    <ClInclude Include="ui\prevRaceScreen.h">
      <Filter>Header Files\ui</Filter>
    </ClInclude>
    <ClInclude Include="ui\loadSaveGameScreen.h">
      <Filter>Header Files\ui</Filter>
    </ClInclude>
    <ClInclude Include="ui\selectRaceScreen.h">
      <Filter>Header Files\ui</Filter>
    </ClInclude>
    <ClInclude Include="ui\raceResultsScreen.h">
      <Filter>Header Files\ui</Filter>
    </ClInclude>
    <ClInclude Include="ui\shopScreen.h">
      <Filter>Header Files\ui</Filter>
    </ClInclude>
    <ClInclude Include="ui\menu.h">
      <Filter>Header Files\ui</Filter>
    </ClInclude>
    <ClInclude Include="ui\mainScreen.c">
      <Filter>Source Files\ui</Filter>
    </ClInclude>
    <ClInclude Include="ui\mainScreen.h">
      <Filter>Header Files\ui</Filter>
    </ClInclude>
    <ClInclude Include="anim.h">
      <Filter>Header Files</Filter>
    </ClInclude>
  </ItemGroup>
  <ItemGroup>
    <None Include="lang\langEs.txt">
      <Filter>Resource Files\lang</Filter>
    </None>
  </ItemGroup>
</Project>